<?xml version="1.0" encoding="utf-8"?>
<Project ToolsVersion="4.0" xmlns="http://schemas.microsoft.com/developer/msbuild/2003">
  <ItemGroup>
    <Filter Include="源文件">
      <UniqueIdentifier>{4FC737F1-C7A5-4376-A066-2A32D752A2FF}</UniqueIdentifier>
      <Extensions>cpp;c;cc;cxx;def;odl;idl;hpj;bat;asm;asmx</Extensions>
    </Filter>
    <Filter Include="头文件">
      <UniqueIdentifier>{93995380-89BD-4b04-88EB-625FBE52EBFB}</UniqueIdentifier>
      <Extensions>h;hh;hpp;hxx;hm;inl;inc;xsd</Extensions>
    </Filter>
    <Filter Include="资源文件">
      <UniqueIdentifier>{67DA6AB6-F800-4c08-8B7A-83BB121AAD01}</UniqueIdentifier>
      <Extensions>rc;ico;cur;bmp;dlg;rc2;rct;bin;rgs;gif;jpg;jpeg;jpe;resx;tiff;tif;png;wav;mfcribbon-ms</Extensions>
    </Filter>
  </ItemGroup>
  <ItemGroup>
    <Text Include="ReadMe.txt" />
  </ItemGroup>
  <ItemGroup>
    <ClInclude Include="Test1.h">
      <Filter>头文件</Filter>
    </ClInclude>
    <ClInclude Include="stdafx.h">
      <Filter>头文件</Filter>
    </ClInclude>
    <ClInclude Include="targetver.h">
      <Filter>头文件</Filter>
    </ClInclude>
    <ClInclude Include="Resource.h">
      <Filter>头文件</Filter>
    </ClInclude>
    <ClInclude Include="ADD_Travel.h">
      <Filter>头文件</Filter>
    </ClInclude>
    <ClInclude Include="EDIT_Travel.h">
      <Filter>头文件</Filter>
    </ClInclude>
    <ClInclude Include="FIND_Travel.h">
      <Filter>头文件</Filter>
    </ClInclude>
    <ClInclude Include="BROWSE_Travel.h">
      <Filter>头文件</Filter>
    </ClInclude>
    <ClInclude Include="MAIN_DIALOG.h">
      <Filter>头文件</Filter>
    </ClInclude>
    <ClInclude Include="Test1Dlg.h">
      <Filter>头文件</Filter>
    </ClInclude>
    <ClInclude Include="Connect.h">
      <Filter>头文件</Filter>
    </ClInclude>
    <ClInclude Include="Travel.h">
      <Filter>头文件</Filter>
    </ClInclude>
    <ClInclude Include="Node.h">
      <Filter>头文件</Filter>
    </ClInclude>
    <ClInclude Include="explorer2.h">
      <Filter>头文件</Filter>
    </ClInclude>
    <ClInclude Include="User.h">
      <Filter>头文件</Filter>
    </ClInclude>
    <ClInclude Include="MakeMap.h">
      <Filter>头文件</Filter>
    </ClInclude>
    <ClInclude Include="exif.h">
      <Filter>头文件</Filter>
    </ClInclude>
    <ClInclude Include="CMyButton.h">
      <Filter>头文件</Filter>
    </ClInclude>
    <ClInclude Include="CreateUser.h">
      <Filter>头文件</Filter>
    </ClInclude>
  </ItemGroup>
  <ItemGroup>
    <ClCompile Include="Test1.cpp">
      <Filter>源文件</Filter>
    </ClCompile>
    <ClCompile Include="stdafx.cpp">
      <Filter>源文件</Filter>
    </ClCompile>
    <ClCompile Include="ADD_Travel.cpp">
      <Filter>源文件</Filter>
    </ClCompile>
    <ClCompile Include="EDIT_Travel.cpp">
      <Filter>源文件</Filter>
    </ClCompile>
    <ClCompile Include="FIND_Travel.cpp">
      <Filter>源文件</Filter>
    </ClCompile>
    <ClCompile Include="BROWSE_Travel.cpp">
      <Filter>源文件</Filter>
    </ClCompile>
    <ClCompile Include="MAIN_DIALOG.cpp">
      <Filter>源文件</Filter>
    </ClCompile>
    <ClCompile Include="Test1Dlg.cpp">
      <Filter>源文件</Filter>
    </ClCompile>
    <ClCompile Include="Connect.cpp">
      <Filter>源文件</Filter>
    </ClCompile>
    <ClCompile Include="Travel.cpp">
      <Filter>源文件</Filter>
    </ClCompile>
    <ClCompile Include="Node.cpp">
      <Filter>源文件</Filter>
    </ClCompile>
    <ClCompile Include="explorer2.cpp">
      <Filter>源文件</Filter>
    </ClCompile>
    <ClCompile Include="User.cpp">
      <Filter>源文件</Filter>
    </ClCompile>
    <ClCompile Include="MakeMap.cpp">
      <Filter>源文件</Filter>
    </ClCompile>
    <ClCompile Include="exif.cpp">
      <Filter>源文件</Filter>
    </ClCompile>
    <ClCompile Include="MyButton.cpp">
      <Filter>源文件</Filter>
    </ClCompile>
    <ClCompile Include="CreateUser.cpp">
      <Filter>源文件</Filter>
    </ClCompile>
  </ItemGroup>
  <ItemGroup>
    <ResourceCompile Include="Test1.rc">
      <Filter>资源文件</Filter>
    </ResourceCompile>
  </ItemGroup>
  <ItemGroup>
    <None Include="res\Test1.rc2">
      <Filter>资源文件</Filter>
    </None>
  </ItemGroup>
  <ItemGroup>
    <Image Include="res\Test1.ico">
      <Filter>资源文件</Filter>
    </Image>
    <Image Include="logo.bmp">
      <Filter>资源文件</Filter>
    </Image>
    <Image Include="icon.ico">
      <Filter>资源文件</Filter>
    </Image>
    <Image Include="res\Creatbg.bmp">
      <Filter>资源文件</Filter>
    </Image>
    <Image Include="res\1.bmp">
      <Filter>资源文件</Filter>
    </Image>
    <Image Include="res\2.bmp">
      <Filter>资源文件</Filter>
    </Image>
    <Image Include="res\3.bmp">
      <Filter>资源文件</Filter>
    </Image>
    <Image Include="res\4.bmp">
      <Filter>资源文件</Filter>
    </Image>
  </ItemGroup>
</Project>